
Microsoft Visual Studio Solution File, Format Version 12.00
# Visual Studio Version 17
VisualStudioVersion = 17.4.33403.182
MinimumVisualStudioVersion = 10.0.40219.1
Project("{9A19103F-16F7-4668-BE54-9A1E7A4F7556}") = "Bankinfrastruktur.Data", "Bankinfrastruktur.Data\Bankinfrastruktur.Data.csproj", "{F17EEC58-7450-49F0-8598-7CE789E1CAA4}"
EndProject
Project("{2150E333-8FDC-42A3-9474-1A3956D46DE8}") = "Solution Items", "Solution Items", "{E574ED9B-4F3F-4605-8BF9-01C8966AE989}"
	ProjectSection(SolutionItems) = preProject
		.editorconfig = .editorconfig
		Directory.Build.props = Directory.Build.props
	EndProjectSection
EndProject
Project("{FAE04EC0-301F-11D3-BF4B-00C04F79EFBC}") = "Bankinfrastruktur.Tests", "Bankinfrastruktur.Tests\Bankinfrastruktur.Tests.csproj", "{FE05CFF0-B2F0-4372-B325-D6B72272AC09}"
EndProject
Global
	GlobalSection(SolutionConfigurationPlatforms) = preSolution
		Debug|Any CPU = Debug|Any CPU
		Release|Any CPU = Release|Any CPU
	EndGlobalSection
	GlobalSection(ProjectConfigurationPlatforms) = postSolution
		{F17EEC58-7450-49F0-8598-7CE789E1CAA4}.Debug|Any CPU.ActiveCfg = Debug|Any CPU
		{F17EEC58-7450-49F0-8598-7CE789E1CAA4}.Debug|Any CPU.Build.0 = Debug|Any CPU
		{F17EEC58-7450-49F0-8598-7CE789E1CAA4}.Release|Any CPU.ActiveCfg = Release|Any CPU
		{F17EEC58-7450-49F0-8598-7CE789E1CAA4}.Release|Any CPU.Build.0 = Release|Any CPU
		{FE05CFF0-B2F0-4372-B325-D6B72272AC09}.Debug|Any CPU.ActiveCfg = Debug|Any CPU
		{FE05CFF0-B2F0-4372-B325-D6B72272AC09}.Debug|Any CPU.Build.0 = Debug|Any CPU
		{FE05CFF0-B2F0-4372-B325-D6B72272AC09}.Release|Any CPU.ActiveCfg = Release|Any CPU
		{FE05CFF0-B2F0-4372-B325-D6B72272AC09}.Release|Any CPU.Build.0 = Release|Any CPU
	EndGlobalSection
	GlobalSection(SolutionProperties) = preSolution
		HideSolutionNode = FALSE
	EndGlobalSection
	GlobalSection(ExtensibilityGlobals) = postSolution
		SolutionGuid = {18E39B1D-B659-4BFB-AA6B-85BCDB6BCC55}
	EndGlobalSection
EndGlobal
